
Microsoft Visual Studio Solution File, Format Version 12.00
# Visual Studio 15
VisualStudioVersion = 15.0.26124.0
MinimumVisualStudioVersion = 15.0.26124.0
Project("{FAE04EC0-301F-11D3-BF4B-00C04F79EFBC}") = "Utils", "Utils\Utils.csproj", "{0893F158-6919-4CC1-AF28-A291CEF2FE48}"
EndProject
Project("{2150E333-8FDC-42A3-9474-1A3956D46DE8}") = "Algorithms", "Algorithms", "{0F9E69EA-8262-4925-B822-387A0040B00B}"
EndProject
Project("{FAE04EC0-301F-11D3-BF4B-00C04F79EFBC}") = "AlgorithmBasicsTopic_03", "Algorithms\AlgorithmBasicsTopic_03\AlgorithmBasicsTopic_03.csproj", "{E2159220-8C25-495D-86EF-524EA0F986A1}"
EndProject
Project("{2150E333-8FDC-42A3-9474-1A3956D46DE8}") = "Sorting", "Sorting", "{B83770C1-ACD0-48AF-9145-6E4F88DA35DA}"
EndProject
Project("{FAE04EC0-301F-11D3-BF4B-00C04F79EFBC}") = "BubbleSort", "Algorithms\Sorting\BubbleSort\BubbleSort.csproj", "{4DC14BA8-632D-4ADB-AF05-4354681D442A}"
EndProject
Project("{FAE04EC0-301F-11D3-BF4B-00C04F79EFBC}") = "InsertionSort", "Algorithms\Sorting\InsertionSort\InsertionSort.csproj", "{5962CEE8-BA19-46E2-85F6-E3B9C1945890}"
EndProject
Project("{FAE04EC0-301F-11D3-BF4B-00C04F79EFBC}") = "SelectionSort", "Algorithms\Sorting\SelectionSort\SelectionSort.csproj", "{1903D248-5D07-4FB1-B06E-516A5B5C3365}"
EndProject
Project("{2150E333-8FDC-42A3-9474-1A3956D46DE8}") = "Search", "Search", "{2BCF2279-05B5-4372-98C5-EEF14C23D20C}"
EndProject
Project("{FAE04EC0-301F-11D3-BF4B-00C04F79EFBC}") = "LinearSearch", "Algorithms\Search\LinearSearch\LinearSearch.csproj", "{9DAB82D9-F13A-49D0-9EDB-6DCEA76FFD8A}"
EndProject
Project("{FAE04EC0-301F-11D3-BF4B-00C04F79EFBC}") = "BinarySearch", "Algorithms\Search\BinarySearch\BinarySearch.csproj", "{0323C7B2-53A5-4DB1-9797-B70215CBB7D5}"
EndProject
Project("{2150E333-8FDC-42A3-9474-1A3956D46DE8}") = "DataStructures", "DataStructures", "{BE206111-12D0-44A9-8724-787722F1FBDC}"
EndProject
Project("{2150E333-8FDC-42A3-9474-1A3956D46DE8}") = "Labs", "Labs", "{B66D3952-7696-409F-A11E-742D99686A20}"
EndProject
Project("{FAE04EC0-301F-11D3-BF4B-00C04F79EFBC}") = "TutorialLabOne", "DataStructures\Labs\TutorialLabOne\TutorialLabOne.csproj", "{34FC8A0E-377E-453F-9F93-C151270CB811}"
EndProject
Project("{FAE04EC0-301F-11D3-BF4B-00C04F79EFBC}") = "TutorialLabTwo", "DataStructures\Labs\TutorialLabTwo\TutorialLabTwo.csproj", "{0843FCC0-945B-472C-B745-DDB2CC59A660}"
EndProject
Project("{FAE04EC0-301F-11D3-BF4B-00C04F79EFBC}") = "TutorialLabThree", "DataStructures\Labs\TutorialLabThree\TutorialLabThree.csproj", "{747FFEFE-9595-45A2-8F2C-35D7FE30DFD4}"
EndProject
Project("{FAE04EC0-301F-11D3-BF4B-00C04F79EFBC}") = "Module2Assessment", "DataStructures\Labs\Module2Assessment\Module2Assessment.csproj", "{99ACD615-E639-4DE3-AF00-047DE03AD0EF}"
EndProject
Project("{FAE04EC0-301F-11D3-BF4B-00C04F79EFBC}") = "SelfAssessment", "DataStructures\Labs\SelfAssessment\SelfAssessment.csproj", "{C4E8A365-705F-48D9-A7F1-71E4FD44FD72}"
EndProject
Project("{2150E333-8FDC-42A3-9474-1A3956D46DE8}") = "StandardCollections", "StandardCollections", "{345CD538-6854-432A-AE18-34278263AF46}"
EndProject
Project("{2150E333-8FDC-42A3-9474-1A3956D46DE8}") = "Labs", "Labs", "{9CC6BAF4-8EFE-4B04-A585-B620FA43DFDA}"
EndProject
Project("{FAE04EC0-301F-11D3-BF4B-00C04F79EFBC}") = "TutorialLabOne", "StandardCollections\Labs\TutorialLabOne\TutorialLabOne.csproj", "{8EAF5355-FCB1-40CC-80B7-913EC3CD2064}"
EndProject
Project("{FAE04EC0-301F-11D3-BF4B-00C04F79EFBC}") = "TutorialLabTwo", "StandardCollections\Labs\TutorialLabTwo\TutorialLabTwo.csproj", "{6711641D-69CD-4D24-9667-86D3318B9013}"
EndProject
Global
	GlobalSection(SolutionConfigurationPlatforms) = preSolution
		Debug|Any CPU = Debug|Any CPU
		Debug|x64 = Debug|x64
		Debug|x86 = Debug|x86
		Release|Any CPU = Release|Any CPU
		Release|x64 = Release|x64
		Release|x86 = Release|x86
	EndGlobalSection
	GlobalSection(SolutionProperties) = preSolution
		HideSolutionNode = FALSE
	EndGlobalSection
	GlobalSection(ProjectConfigurationPlatforms) = postSolution
		{0893F158-6919-4CC1-AF28-A291CEF2FE48}.Debug|Any CPU.ActiveCfg = Debug|Any CPU
		{0893F158-6919-4CC1-AF28-A291CEF2FE48}.Debug|Any CPU.Build.0 = Debug|Any CPU
		{0893F158-6919-4CC1-AF28-A291CEF2FE48}.Debug|x64.ActiveCfg = Debug|x64
		{0893F158-6919-4CC1-AF28-A291CEF2FE48}.Debug|x64.Build.0 = Debug|x64
		{0893F158-6919-4CC1-AF28-A291CEF2FE48}.Debug|x86.ActiveCfg = Debug|x86
		{0893F158-6919-4CC1-AF28-A291CEF2FE48}.Debug|x86.Build.0 = Debug|x86
		{0893F158-6919-4CC1-AF28-A291CEF2FE48}.Release|Any CPU.ActiveCfg = Release|Any CPU
		{0893F158-6919-4CC1-AF28-A291CEF2FE48}.Release|Any CPU.Build.0 = Release|Any CPU
		{0893F158-6919-4CC1-AF28-A291CEF2FE48}.Release|x64.ActiveCfg = Release|x64
		{0893F158-6919-4CC1-AF28-A291CEF2FE48}.Release|x64.Build.0 = Release|x64
		{0893F158-6919-4CC1-AF28-A291CEF2FE48}.Release|x86.ActiveCfg = Release|x86
		{0893F158-6919-4CC1-AF28-A291CEF2FE48}.Release|x86.Build.0 = Release|x86
		{E2159220-8C25-495D-86EF-524EA0F986A1}.Debug|Any CPU.ActiveCfg = Debug|Any CPU
		{E2159220-8C25-495D-86EF-524EA0F986A1}.Debug|Any CPU.Build.0 = Debug|Any CPU
		{E2159220-8C25-495D-86EF-524EA0F986A1}.Debug|x64.ActiveCfg = Debug|x64
		{E2159220-8C25-495D-86EF-524EA0F986A1}.Debug|x64.Build.0 = Debug|x64
		{E2159220-8C25-495D-86EF-524EA0F986A1}.Debug|x86.ActiveCfg = Debug|x86
		{E2159220-8C25-495D-86EF-524EA0F986A1}.Debug|x86.Build.0 = Debug|x86
		{E2159220-8C25-495D-86EF-524EA0F986A1}.Release|Any CPU.ActiveCfg = Release|Any CPU
		{E2159220-8C25-495D-86EF-524EA0F986A1}.Release|Any CPU.Build.0 = Release|Any CPU
		{E2159220-8C25-495D-86EF-524EA0F986A1}.Release|x64.ActiveCfg = Release|x64
		{E2159220-8C25-495D-86EF-524EA0F986A1}.Release|x64.Build.0 = Release|x64
		{E2159220-8C25-495D-86EF-524EA0F986A1}.Release|x86.ActiveCfg = Release|x86
		{E2159220-8C25-495D-86EF-524EA0F986A1}.Release|x86.Build.0 = Release|x86
		{4DC14BA8-632D-4ADB-AF05-4354681D442A}.Debug|Any CPU.ActiveCfg = Debug|Any CPU
		{4DC14BA8-632D-4ADB-AF05-4354681D442A}.Debug|Any CPU.Build.0 = Debug|Any CPU
		{4DC14BA8-632D-4ADB-AF05-4354681D442A}.Debug|x64.ActiveCfg = Debug|x64
		{4DC14BA8-632D-4ADB-AF05-4354681D442A}.Debug|x64.Build.0 = Debug|x64
		{4DC14BA8-632D-4ADB-AF05-4354681D442A}.Debug|x86.ActiveCfg = Debug|x86
		{4DC14BA8-632D-4ADB-AF05-4354681D442A}.Debug|x86.Build.0 = Debug|x86
		{4DC14BA8-632D-4ADB-AF05-4354681D442A}.Release|Any CPU.ActiveCfg = Release|Any CPU
		{4DC14BA8-632D-4ADB-AF05-4354681D442A}.Release|Any CPU.Build.0 = Release|Any CPU
		{4DC14BA8-632D-4ADB-AF05-4354681D442A}.Release|x64.ActiveCfg = Release|x64
		{4DC14BA8-632D-4ADB-AF05-4354681D442A}.Release|x64.Build.0 = Release|x64
		{4DC14BA8-632D-4ADB-AF05-4354681D442A}.Release|x86.ActiveCfg = Release|x86
		{4DC14BA8-632D-4ADB-AF05-4354681D442A}.Release|x86.Build.0 = Release|x86
		{5962CEE8-BA19-46E2-85F6-E3B9C1945890}.Debug|Any CPU.ActiveCfg = Debug|Any CPU
		{5962CEE8-BA19-46E2-85F6-E3B9C1945890}.Debug|Any CPU.Build.0 = Debug|Any CPU
		{5962CEE8-BA19-46E2-85F6-E3B9C1945890}.Debug|x64.ActiveCfg = Debug|x64
		{5962CEE8-BA19-46E2-85F6-E3B9C1945890}.Debug|x64.Build.0 = Debug|x64
		{5962CEE8-BA19-46E2-85F6-E3B9C1945890}.Debug|x86.ActiveCfg = Debug|x86
		{5962CEE8-BA19-46E2-85F6-E3B9C1945890}.Debug|x86.Build.0 = Debug|x86
		{5962CEE8-BA19-46E2-85F6-E3B9C1945890}.Release|Any CPU.ActiveCfg = Release|Any CPU
		{5962CEE8-BA19-46E2-85F6-E3B9C1945890}.Release|Any CPU.Build.0 = Release|Any CPU
		{5962CEE8-BA19-46E2-85F6-E3B9C1945890}.Release|x64.ActiveCfg = Release|x64
		{5962CEE8-BA19-46E2-85F6-E3B9C1945890}.Release|x64.Build.0 = Release|x64
		{5962CEE8-BA19-46E2-85F6-E3B9C1945890}.Release|x86.ActiveCfg = Release|x86
		{5962CEE8-BA19-46E2-85F6-E3B9C1945890}.Release|x86.Build.0 = Release|x86
		{1903D248-5D07-4FB1-B06E-516A5B5C3365}.Debug|Any CPU.ActiveCfg = Debug|Any CPU
		{1903D248-5D07-4FB1-B06E-516A5B5C3365}.Debug|Any CPU.Build.0 = Debug|Any CPU
		{1903D248-5D07-4FB1-B06E-516A5B5C3365}.Debug|x64.ActiveCfg = Debug|x64
		{1903D248-5D07-4FB1-B06E-516A5B5C3365}.Debug|x64.Build.0 = Debug|x64
		{1903D248-5D07-4FB1-B06E-516A5B5C3365}.Debug|x86.ActiveCfg = Debug|x86
		{1903D248-5D07-4FB1-B06E-516A5B5C3365}.Debug|x86.Build.0 = Debug|x86
		{1903D248-5D07-4FB1-B06E-516A5B5C3365}.Release|Any CPU.ActiveCfg = Release|Any CPU
		{1903D248-5D07-4FB1-B06E-516A5B5C3365}.Release|Any CPU.Build.0 = Release|Any CPU
		{1903D248-5D07-4FB1-B06E-516A5B5C3365}.Release|x64.ActiveCfg = Release|x64
		{1903D248-5D07-4FB1-B06E-516A5B5C3365}.Release|x64.Build.0 = Release|x64
		{1903D248-5D07-4FB1-B06E-516A5B5C3365}.Release|x86.ActiveCfg = Release|x86
		{1903D248-5D07-4FB1-B06E-516A5B5C3365}.Release|x86.Build.0 = Release|x86
		{9DAB82D9-F13A-49D0-9EDB-6DCEA76FFD8A}.Debug|Any CPU.ActiveCfg = Debug|Any CPU
		{9DAB82D9-F13A-49D0-9EDB-6DCEA76FFD8A}.Debug|Any CPU.Build.0 = Debug|Any CPU
		{9DAB82D9-F13A-49D0-9EDB-6DCEA76FFD8A}.Debug|x64.ActiveCfg = Debug|x64
		{9DAB82D9-F13A-49D0-9EDB-6DCEA76FFD8A}.Debug|x64.Build.0 = Debug|x64
		{9DAB82D9-F13A-49D0-9EDB-6DCEA76FFD8A}.Debug|x86.ActiveCfg = Debug|x86
		{9DAB82D9-F13A-49D0-9EDB-6DCEA76FFD8A}.Debug|x86.Build.0 = Debug|x86
		{9DAB82D9-F13A-49D0-9EDB-6DCEA76FFD8A}.Release|Any CPU.ActiveCfg = Release|Any CPU
		{9DAB82D9-F13A-49D0-9EDB-6DCEA76FFD8A}.Release|Any CPU.Build.0 = Release|Any CPU
		{9DAB82D9-F13A-49D0-9EDB-6DCEA76FFD8A}.Release|x64.ActiveCfg = Release|x64
		{9DAB82D9-F13A-49D0-9EDB-6DCEA76FFD8A}.Release|x64.Build.0 = Release|x64
		{9DAB82D9-F13A-49D0-9EDB-6DCEA76FFD8A}.Release|x86.ActiveCfg = Release|x86
		{9DAB82D9-F13A-49D0-9EDB-6DCEA76FFD8A}.Release|x86.Build.0 = Release|x86
		{0323C7B2-53A5-4DB1-9797-B70215CBB7D5}.Debug|Any CPU.ActiveCfg = Debug|Any CPU
		{0323C7B2-53A5-4DB1-9797-B70215CBB7D5}.Debug|Any CPU.Build.0 = Debug|Any CPU
		{0323C7B2-53A5-4DB1-9797-B70215CBB7D5}.Debug|x64.ActiveCfg = Debug|x64
		{0323C7B2-53A5-4DB1-9797-B70215CBB7D5}.Debug|x64.Build.0 = Debug|x64
		{0323C7B2-53A5-4DB1-9797-B70215CBB7D5}.Debug|x86.ActiveCfg = Debug|x86
		{0323C7B2-53A5-4DB1-9797-B70215CBB7D5}.Debug|x86.Build.0 = Debug|x86
		{0323C7B2-53A5-4DB1-9797-B70215CBB7D5}.Release|Any CPU.ActiveCfg = Release|Any CPU
		{0323C7B2-53A5-4DB1-9797-B70215CBB7D5}.Release|Any CPU.Build.0 = Release|Any CPU
		{0323C7B2-53A5-4DB1-9797-B70215CBB7D5}.Release|x64.ActiveCfg = Release|x64
		{0323C7B2-53A5-4DB1-9797-B70215CBB7D5}.Release|x64.Build.0 = Release|x64
		{0323C7B2-53A5-4DB1-9797-B70215CBB7D5}.Release|x86.ActiveCfg = Release|x86
		{0323C7B2-53A5-4DB1-9797-B70215CBB7D5}.Release|x86.Build.0 = Release|x86
		{34FC8A0E-377E-453F-9F93-C151270CB811}.Debug|Any CPU.ActiveCfg = Debug|Any CPU
		{34FC8A0E-377E-453F-9F93-C151270CB811}.Debug|Any CPU.Build.0 = Debug|Any CPU
		{34FC8A0E-377E-453F-9F93-C151270CB811}.Debug|x64.ActiveCfg = Debug|x64
		{34FC8A0E-377E-453F-9F93-C151270CB811}.Debug|x64.Build.0 = Debug|x64
		{34FC8A0E-377E-453F-9F93-C151270CB811}.Debug|x86.ActiveCfg = Debug|x86
		{34FC8A0E-377E-453F-9F93-C151270CB811}.Debug|x86.Build.0 = Debug|x86
		{34FC8A0E-377E-453F-9F93-C151270CB811}.Release|Any CPU.ActiveCfg = Release|Any CPU
		{34FC8A0E-377E-453F-9F93-C151270CB811}.Release|Any CPU.Build.0 = Release|Any CPU
		{34FC8A0E-377E-453F-9F93-C151270CB811}.Release|x64.ActiveCfg = Release|x64
		{34FC8A0E-377E-453F-9F93-C151270CB811}.Release|x64.Build.0 = Release|x64
		{34FC8A0E-377E-453F-9F93-C151270CB811}.Release|x86.ActiveCfg = Release|x86
		{34FC8A0E-377E-453F-9F93-C151270CB811}.Release|x86.Build.0 = Release|x86
		{0843FCC0-945B-472C-B745-DDB2CC59A660}.Debug|Any CPU.ActiveCfg = Debug|Any CPU
		{0843FCC0-945B-472C-B745-DDB2CC59A660}.Debug|Any CPU.Build.0 = Debug|Any CPU
		{0843FCC0-945B-472C-B745-DDB2CC59A660}.Debug|x64.ActiveCfg = Debug|x64
		{0843FCC0-945B-472C-B745-DDB2CC59A660}.Debug|x64.Build.0 = Debug|x64
		{0843FCC0-945B-472C-B745-DDB2CC59A660}.Debug|x86.ActiveCfg = Debug|x86
		{0843FCC0-945B-472C-B745-DDB2CC59A660}.Debug|x86.Build.0 = Debug|x86
		{0843FCC0-945B-472C-B745-DDB2CC59A660}.Release|Any CPU.ActiveCfg = Release|Any CPU
		{0843FCC0-945B-472C-B745-DDB2CC59A660}.Release|Any CPU.Build.0 = Release|Any CPU
		{0843FCC0-945B-472C-B745-DDB2CC59A660}.Release|x64.ActiveCfg = Release|x64
		{0843FCC0-945B-472C-B745-DDB2CC59A660}.Release|x64.Build.0 = Release|x64
		{0843FCC0-945B-472C-B745-DDB2CC59A660}.Release|x86.ActiveCfg = Release|x86
		{0843FCC0-945B-472C-B745-DDB2CC59A660}.Release|x86.Build.0 = Release|x86
		{747FFEFE-9595-45A2-8F2C-35D7FE30DFD4}.Debug|Any CPU.ActiveCfg = Debug|Any CPU
		{747FFEFE-9595-45A2-8F2C-35D7FE30DFD4}.Debug|Any CPU.Build.0 = Debug|Any CPU
		{747FFEFE-9595-45A2-8F2C-35D7FE30DFD4}.Debug|x64.ActiveCfg = Debug|x64
		{747FFEFE-9595-45A2-8F2C-35D7FE30DFD4}.Debug|x64.Build.0 = Debug|x64
		{747FFEFE-9595-45A2-8F2C-35D7FE30DFD4}.Debug|x86.ActiveCfg = Debug|x86
		{747FFEFE-9595-45A2-8F2C-35D7FE30DFD4}.Debug|x86.Build.0 = Debug|x86
		{747FFEFE-9595-45A2-8F2C-35D7FE30DFD4}.Release|Any CPU.ActiveCfg = Release|Any CPU
		{747FFEFE-9595-45A2-8F2C-35D7FE30DFD4}.Release|Any CPU.Build.0 = Release|Any CPU
		{747FFEFE-9595-45A2-8F2C-35D7FE30DFD4}.Release|x64.ActiveCfg = Release|x64
		{747FFEFE-9595-45A2-8F2C-35D7FE30DFD4}.Release|x64.Build.0 = Release|x64
		{747FFEFE-9595-45A2-8F2C-35D7FE30DFD4}.Release|x86.ActiveCfg = Release|x86
		{747FFEFE-9595-45A2-8F2C-35D7FE30DFD4}.Release|x86.Build.0 = Release|x86
		{99ACD615-E639-4DE3-AF00-047DE03AD0EF}.Debug|Any CPU.ActiveCfg = Debug|Any CPU
		{99ACD615-E639-4DE3-AF00-047DE03AD0EF}.Debug|Any CPU.Build.0 = Debug|Any CPU
		{99ACD615-E639-4DE3-AF00-047DE03AD0EF}.Debug|x64.ActiveCfg = Debug|x64
		{99ACD615-E639-4DE3-AF00-047DE03AD0EF}.Debug|x64.Build.0 = Debug|x64
		{99ACD615-E639-4DE3-AF00-047DE03AD0EF}.Debug|x86.ActiveCfg = Debug|x86
		{99ACD615-E639-4DE3-AF00-047DE03AD0EF}.Debug|x86.Build.0 = Debug|x86
		{99ACD615-E639-4DE3-AF00-047DE03AD0EF}.Release|Any CPU.ActiveCfg = Release|Any CPU
		{99ACD615-E639-4DE3-AF00-047DE03AD0EF}.Release|Any CPU.Build.0 = Release|Any CPU
		{99ACD615-E639-4DE3-AF00-047DE03AD0EF}.Release|x64.ActiveCfg = Release|x64
		{99ACD615-E639-4DE3-AF00-047DE03AD0EF}.Release|x64.Build.0 = Release|x64
		{99ACD615-E639-4DE3-AF00-047DE03AD0EF}.Release|x86.ActiveCfg = Release|x86
		{99ACD615-E639-4DE3-AF00-047DE03AD0EF}.Release|x86.Build.0 = Release|x86
		{C4E8A365-705F-48D9-A7F1-71E4FD44FD72}.Debug|Any CPU.ActiveCfg = Debug|Any CPU
		{C4E8A365-705F-48D9-A7F1-71E4FD44FD72}.Debug|Any CPU.Build.0 = Debug|Any CPU
		{C4E8A365-705F-48D9-A7F1-71E4FD44FD72}.Debug|x64.ActiveCfg = Debug|x64
		{C4E8A365-705F-48D9-A7F1-71E4FD44FD72}.Debug|x64.Build.0 = Debug|x64
		{C4E8A365-705F-48D9-A7F1-71E4FD44FD72}.Debug|x86.ActiveCfg = Debug|x86
		{C4E8A365-705F-48D9-A7F1-71E4FD44FD72}.Debug|x86.Build.0 = Debug|x86
		{C4E8A365-705F-48D9-A7F1-71E4FD44FD72}.Release|Any CPU.ActiveCfg = Release|Any CPU
		{C4E8A365-705F-48D9-A7F1-71E4FD44FD72}.Release|Any CPU.Build.0 = Release|Any CPU
		{C4E8A365-705F-48D9-A7F1-71E4FD44FD72}.Release|x64.ActiveCfg = Release|x64
		{C4E8A365-705F-48D9-A7F1-71E4FD44FD72}.Release|x64.Build.0 = Release|x64
		{C4E8A365-705F-48D9-A7F1-71E4FD44FD72}.Release|x86.ActiveCfg = Release|x86
		{C4E8A365-705F-48D9-A7F1-71E4FD44FD72}.Release|x86.Build.0 = Release|x86
		{8EAF5355-FCB1-40CC-80B7-913EC3CD2064}.Debug|Any CPU.ActiveCfg = Debug|Any CPU
		{8EAF5355-FCB1-40CC-80B7-913EC3CD2064}.Debug|Any CPU.Build.0 = Debug|Any CPU
		{8EAF5355-FCB1-40CC-80B7-913EC3CD2064}.Debug|x64.ActiveCfg = Debug|x64
		{8EAF5355-FCB1-40CC-80B7-913EC3CD2064}.Debug|x64.Build.0 = Debug|x64
		{8EAF5355-FCB1-40CC-80B7-913EC3CD2064}.Debug|x86.ActiveCfg = Debug|x86
		{8EAF5355-FCB1-40CC-80B7-913EC3CD2064}.Debug|x86.Build.0 = Debug|x86
		{8EAF5355-FCB1-40CC-80B7-913EC3CD2064}.Release|Any CPU.ActiveCfg = Release|Any CPU
		{8EAF5355-FCB1-40CC-80B7-913EC3CD2064}.Release|Any CPU.Build.0 = Release|Any CPU
		{8EAF5355-FCB1-40CC-80B7-913EC3CD2064}.Release|x64.ActiveCfg = Release|x64
		{8EAF5355-FCB1-40CC-80B7-913EC3CD2064}.Release|x64.Build.0 = Release|x64
		{8EAF5355-FCB1-40CC-80B7-913EC3CD2064}.Release|x86.ActiveCfg = Release|x86
		{8EAF5355-FCB1-40CC-80B7-913EC3CD2064}.Release|x86.Build.0 = Release|x86
		{6711641D-69CD-4D24-9667-86D3318B9013}.Debug|Any CPU.ActiveCfg = Debug|Any CPU
		{6711641D-69CD-4D24-9667-86D3318B9013}.Debug|Any CPU.Build.0 = Debug|Any CPU
		{6711641D-69CD-4D24-9667-86D3318B9013}.Debug|x64.ActiveCfg = Debug|x64
		{6711641D-69CD-4D24-9667-86D3318B9013}.Debug|x64.Build.0 = Debug|x64
		{6711641D-69CD-4D24-9667-86D3318B9013}.Debug|x86.ActiveCfg = Debug|x86
		{6711641D-69CD-4D24-9667-86D3318B9013}.Debug|x86.Build.0 = Debug|x86
		{6711641D-69CD-4D24-9667-86D3318B9013}.Release|Any CPU.ActiveCfg = Release|Any CPU
		{6711641D-69CD-4D24-9667-86D3318B9013}.Release|Any CPU.Build.0 = Release|Any CPU
		{6711641D-69CD-4D24-9667-86D3318B9013}.Release|x64.ActiveCfg = Release|x64
		{6711641D-69CD-4D24-9667-86D3318B9013}.Release|x64.Build.0 = Release|x64
		{6711641D-69CD-4D24-9667-86D3318B9013}.Release|x86.ActiveCfg = Release|x86
		{6711641D-69CD-4D24-9667-86D3318B9013}.Release|x86.Build.0 = Release|x86
	EndGlobalSection
	GlobalSection(NestedProjects) = preSolution
		{E2159220-8C25-495D-86EF-524EA0F986A1} = {0F9E69EA-8262-4925-B822-387A0040B00B}
		{B83770C1-ACD0-48AF-9145-6E4F88DA35DA} = {0F9E69EA-8262-4925-B822-387A0040B00B}
		{4DC14BA8-632D-4ADB-AF05-4354681D442A} = {B83770C1-ACD0-48AF-9145-6E4F88DA35DA}
		{5962CEE8-BA19-46E2-85F6-E3B9C1945890} = {B83770C1-ACD0-48AF-9145-6E4F88DA35DA}
		{1903D248-5D07-4FB1-B06E-516A5B5C3365} = {B83770C1-ACD0-48AF-9145-6E4F88DA35DA}
		{2BCF2279-05B5-4372-98C5-EEF14C23D20C} = {0F9E69EA-8262-4925-B822-387A0040B00B}
		{9DAB82D9-F13A-49D0-9EDB-6DCEA76FFD8A} = {2BCF2279-05B5-4372-98C5-EEF14C23D20C}
		{0323C7B2-53A5-4DB1-9797-B70215CBB7D5} = {2BCF2279-05B5-4372-98C5-EEF14C23D20C}
		{B66D3952-7696-409F-A11E-742D99686A20} = {BE206111-12D0-44A9-8724-787722F1FBDC}
		{34FC8A0E-377E-453F-9F93-C151270CB811} = {B66D3952-7696-409F-A11E-742D99686A20}
		{0843FCC0-945B-472C-B745-DDB2CC59A660} = {B66D3952-7696-409F-A11E-742D99686A20}
		{747FFEFE-9595-45A2-8F2C-35D7FE30DFD4} = {B66D3952-7696-409F-A11E-742D99686A20}
		{99ACD615-E639-4DE3-AF00-047DE03AD0EF} = {B66D3952-7696-409F-A11E-742D99686A20}
		{C4E8A365-705F-48D9-A7F1-71E4FD44FD72} = {B66D3952-7696-409F-A11E-742D99686A20}
		{9CC6BAF4-8EFE-4B04-A585-B620FA43DFDA} = {345CD538-6854-432A-AE18-34278263AF46}
		{8EAF5355-FCB1-40CC-80B7-913EC3CD2064} = {9CC6BAF4-8EFE-4B04-A585-B620FA43DFDA}
		{6711641D-69CD-4D24-9667-86D3318B9013} = {9CC6BAF4-8EFE-4B04-A585-B620FA43DFDA}
	EndGlobalSection
EndGlobal
